// !$*UTF8*$!
{
	archiveVersion = 1;
	classes = {
	};
	objectVersion = 46;
	objects = {

/* Begin PBXBuildFile section */
		6E07A5BB1A13CDC9008D7A0C /* MovingImagesiOS.framework in CopyFiles */ = {isa = PBXBuildFile; fileRef = 6EC0A6A91A0FE776009E3824 /* MovingImagesiOS.framework */; settings = {ATTRIBUTES = (CodeSignOnCopy, RemoveHeadersOnCopy, ); }; };
		6E13F79A1A4C327100A515B3 /* MovingImagesiOS.framework in Frameworks */ = {isa = PBXBuildFile; fileRef = 6EC0A6A91A0FE776009E3824 /* MovingImagesiOS.framework */; };
		6E3331EB1A0BF1D0002659B2 /* AppDelegate.swift in Sources */ = {isa = PBXBuildFile; fileRef = 6E3331EA1A0BF1D0002659B2 /* AppDelegate.swift */; };
		6E3331ED1A0BF1D0002659B2 /* ViewController.swift in Sources */ = {isa = PBXBuildFile; fileRef = 6E3331EC1A0BF1D0002659B2 /* ViewController.swift */; };
		6E3331F01A0BF1D0002659B2 /* Main.storyboard in Resources */ = {isa = PBXBuildFile; fileRef = 6E3331EE1A0BF1D0002659B2 /* Main.storyboard */; };
		6E3331F21A0BF1D0002659B2 /* Images.xcassets in Resources */ = {isa = PBXBuildFile; fileRef = 6E3331F11A0BF1D0002659B2 /* Images.xcassets */; };
		6E3331F51A0BF1D0002659B2 /* LaunchScreen.xib in Resources */ = {isa = PBXBuildFile; fileRef = 6E3331F31A0BF1D0002659B2 /* LaunchScreen.xib */; };
		6E3332011A0BF1D0002659B2 /* CustomControlDemoTests.swift in Sources */ = {isa = PBXBuildFile; fileRef = 6E3332001A0BF1D0002659B2 /* CustomControlDemoTests.swift */; };
		6E33320F1A0BFBF2002659B2 /* CustomControlLayer.swift in Sources */ = {isa = PBXBuildFile; fileRef = 6E33320E1A0BFBF2002659B2 /* CustomControlLayer.swift */; };
		6E3332111A0BFCF6002659B2 /* CustomDial.swift in Sources */ = {isa = PBXBuildFile; fileRef = 6E3332101A0BFCF6002659B2 /* CustomDial.swift */; };
		6EA321171A9361E000B3E66B /* DrawingShapesWithShadowiOSSim.png in Resources */ = {isa = PBXBuildFile; fileRef = 6EA321111A9361E000B3E66B /* DrawingShapesWithShadowiOSSim.png */; };
		6EA321181A9361E000B3E66B /* DrawTextWithInnerShadowiOSSim.png in Resources */ = {isa = PBXBuildFile; fileRef = 6EA321121A9361E000B3E66B /* DrawTextWithInnerShadowiOSSim.png */; };
		6EA321191A9361E000B3E66B /* FillPathWithInnerShadowiOSSim.png in Resources */ = {isa = PBXBuildFile; fileRef = 6EA321131A9361E000B3E66B /* FillPathWithInnerShadowiOSSim.png */; };
		6EA3211A1A9361E000B3E66B /* LinearGradientFillWithShadowiOSSim.png in Resources */ = {isa = PBXBuildFile; fileRef = 6EA321141A9361E000B3E66B /* LinearGradientFillWithShadowiOSSim.png */; };
		6EA3211B1A9361E000B3E66B /* RadialGradientFillWithShadowiOSSim.png in Resources */ = {isa = PBXBuildFile; fileRef = 6EA321151A9361E000B3E66B /* RadialGradientFillWithShadowiOSSim.png */; };
		6EA3211C1A9361E000B3E66B /* StrokeRectangleWithShadowOverOvaliOSSim.png in Resources */ = {isa = PBXBuildFile; fileRef = 6EA321161A9361E000B3E66B /* StrokeRectangleWithShadowOverOvaliOSSim.png */; };
		6EC0A6AA1A0FE776009E3824 /* MovingImagesiOS.framework in Frameworks */ = {isa = PBXBuildFile; fileRef = 6EC0A6A91A0FE776009E3824 /* MovingImagesiOS.framework */; };
		6EC0A6AE1A126B46009E3824 /* drawarc.json in Resources */ = {isa = PBXBuildFile; fileRef = 6EC0A6AD1A126B46009E3824 /* drawarc.json */; };
		6EFBBA741A842FA800372129 /* DrawingShapesWithShadowiOS.png in Resources */ = {isa = PBXBuildFile; fileRef = 6EFBBA6E1A842FA800372129 /* DrawingShapesWithShadowiOS.png */; };
		6EFBBA751A842FA800372129 /* DrawTextWithInnerShadowiOS.png in Resources */ = {isa = PBXBuildFile; fileRef = 6EFBBA6F1A842FA800372129 /* DrawTextWithInnerShadowiOS.png */; };
		6EFBBA761A842FA800372129 /* FillPathWithInnerShadowiOS.png in Resources */ = {isa = PBXBuildFile; fileRef = 6EFBBA701A842FA800372129 /* FillPathWithInnerShadowiOS.png */; };
		6EFBBA771A842FA800372129 /* LinearGradientFillWithShadowiOS.png in Resources */ = {isa = PBXBuildFile; fileRef = 6EFBBA711A842FA800372129 /* LinearGradientFillWithShadowiOS.png */; };
		6EFBBA781A842FA800372129 /* RadialGradientFillWithShadowiOS.png in Resources */ = {isa = PBXBuildFile; fileRef = 6EFBBA721A842FA800372129 /* RadialGradientFillWithShadowiOS.png */; };
		6EFBBA791A842FA800372129 /* StrokeRectangleWithShadowOverOvaliOS.png in Resources */ = {isa = PBXBuildFile; fileRef = 6EFBBA731A842FA800372129 /* StrokeRectangleWithShadowOverOvaliOS.png */; };
/* End PBXBuildFile section */

/* Begin PBXContainerItemProxy section */
		6E3331FB1A0BF1D0002659B2 /* PBXContainerItemProxy */ = {
			isa = PBXContainerItemProxy;
			containerPortal = 6E3331DD1A0BF1D0002659B2 /* Project object */;
			proxyType = 1;
			remoteGlobalIDString = 6E3331E41A0BF1D0002659B2;
			remoteInfo = CustomControlDemo;
		};
/* End PBXContainerItemProxy section */

/* Begin PBXCopyFilesBuildPhase section */
		6E07A5BA1A13CDA9008D7A0C /* CopyFiles */ = {
			isa = PBXCopyFilesBuildPhase;
			buildActionMask = 2147483647;
			dstPath = "";
			dstSubfolderSpec = 10;
			files = (
				6E07A5BB1A13CDC9008D7A0C /* MovingImagesiOS.framework in CopyFiles */,
			);
			runOnlyForDeploymentPostprocessing = 0;
		};
/* End PBXCopyFilesBuildPhase section */

/* Begin PBXFileReference section */
		6E3331E51A0BF1D0002659B2 /* CustomControlDemo.app */ = {isa = PBXFileReference; explicitFileType = wrapper.application; includeInIndex = 0; path = CustomControlDemo.app; sourceTree = BUILT_PRODUCTS_DIR; };
		6E3331E91A0BF1D0002659B2 /* Info.plist */ = {isa = PBXFileReference; lastKnownFileType = text.plist.xml; path = Info.plist; sourceTree = "<group>"; };
		6E3331EA1A0BF1D0002659B2 /* AppDelegate.swift */ = {isa = PBXFileReference; lastKnownFileType = sourcecode.swift; path = AppDelegate.swift; sourceTree = "<group>"; };
		6E3331EC1A0BF1D0002659B2 /* ViewController.swift */ = {isa = PBXFileReference; lastKnownFileType = sourcecode.swift; path = ViewController.swift; sourceTree = "<group>"; };
		6E3331EF1A0BF1D0002659B2 /* Base */ = {isa = PBXFileReference; lastKnownFileType = file.storyboard; name = Base; path = Base.lproj/Main.storyboard; sourceTree = "<group>"; };
		6E3331F11A0BF1D0002659B2 /* Images.xcassets */ = {isa = PBXFileReference; lastKnownFileType = folder.assetcatalog; path = Images.xcassets; sourceTree = "<group>"; };
		6E3331F41A0BF1D0002659B2 /* Base */ = {isa = PBXFileReference; lastKnownFileType = file.xib; name = Base; path = Base.lproj/LaunchScreen.xib; sourceTree = "<group>"; };
		6E3331FA1A0BF1D0002659B2 /* CustomControlDemoTests.xctest */ = {isa = PBXFileReference; explicitFileType = wrapper.cfbundle; includeInIndex = 0; path = CustomControlDemoTests.xctest; sourceTree = BUILT_PRODUCTS_DIR; };
		6E3331FF1A0BF1D0002659B2 /* Info.plist */ = {isa = PBXFileReference; lastKnownFileType = text.plist.xml; path = Info.plist; sourceTree = "<group>"; };
		6E3332001A0BF1D0002659B2 /* CustomControlDemoTests.swift */ = {isa = PBXFileReference; lastKnownFileType = sourcecode.swift; path = CustomControlDemoTests.swift; sourceTree = "<group>"; };
		6E33320E1A0BFBF2002659B2 /* CustomControlLayer.swift */ = {isa = PBXFileReference; fileEncoding = 4; lastKnownFileType = sourcecode.swift; path = CustomControlLayer.swift; sourceTree = "<group>"; };
		6E3332101A0BFCF6002659B2 /* CustomDial.swift */ = {isa = PBXFileReference; fileEncoding = 4; lastKnownFileType = sourcecode.swift; path = CustomDial.swift; sourceTree = "<group>"; };
		6EA321111A9361E000B3E66B /* DrawingShapesWithShadowiOSSim.png */ = {isa = PBXFileReference; lastKnownFileType = image.png; path = DrawingShapesWithShadowiOSSim.png; sourceTree = "<group>"; };
		6EA321121A9361E000B3E66B /* DrawTextWithInnerShadowiOSSim.png */ = {isa = PBXFileReference; lastKnownFileType = image.png; path = DrawTextWithInnerShadowiOSSim.png; sourceTree = "<group>"; };
		6EA321131A9361E000B3E66B /* FillPathWithInnerShadowiOSSim.png */ = {isa = PBXFileReference; lastKnownFileType = image.png; path = FillPathWithInnerShadowiOSSim.png; sourceTree = "<group>"; };
		6EA321141A9361E000B3E66B /* LinearGradientFillWithShadowiOSSim.png */ = {isa = PBXFileReference; lastKnownFileType = image.png; path = LinearGradientFillWithShadowiOSSim.png; sourceTree = "<group>"; };
		6EA321151A9361E000B3E66B /* RadialGradientFillWithShadowiOSSim.png */ = {isa = PBXFileReference; lastKnownFileType = image.png; path = RadialGradientFillWithShadowiOSSim.png; sourceTree = "<group>"; };
		6EA321161A9361E000B3E66B /* StrokeRectangleWithShadowOverOvaliOSSim.png */ = {isa = PBXFileReference; lastKnownFileType = image.png; path = StrokeRectangleWithShadowOverOvaliOSSim.png; sourceTree = "<group>"; };
		6EC0A6A91A0FE776009E3824 /* MovingImagesiOS.framework */ = {isa = PBXFileReference; lastKnownFileType = wrapper.framework; path = MovingImagesiOS.framework; sourceTree = BUILT_PRODUCTS_DIR; };
		6EC0A6AB1A0FE965009E3824 /* CustomControlDemo-Bridging-Header.h */ = {isa = PBXFileReference; lastKnownFileType = sourcecode.c.h; path = "CustomControlDemo-Bridging-Header.h"; sourceTree = "<group>"; };
		6EC0A6AD1A126B46009E3824 /* drawarc.json */ = {isa = PBXFileReference; fileEncoding = 4; lastKnownFileType = text.json; path = drawarc.json; sourceTree = "<group>"; };
		6EE3E4D41A39D59600D1EF27 /* CustomControlDemoTests-Bridging-Header.h */ = {isa = PBXFileReference; lastKnownFileType = sourcecode.c.h; path = "CustomControlDemoTests-Bridging-Header.h"; sourceTree = "<group>"; };
		6EFBBA6E1A842FA800372129 /* DrawingShapesWithShadowiOS.png */ = {isa = PBXFileReference; lastKnownFileType = image.png; path = DrawingShapesWithShadowiOS.png; sourceTree = "<group>"; };
		6EFBBA6F1A842FA800372129 /* DrawTextWithInnerShadowiOS.png */ = {isa = PBXFileReference; lastKnownFileType = image.png; path = DrawTextWithInnerShadowiOS.png; sourceTree = "<group>"; };
		6EFBBA701A842FA800372129 /* FillPathWithInnerShadowiOS.png */ = {isa = PBXFileReference; lastKnownFileType = image.png; path = FillPathWithInnerShadowiOS.png; sourceTree = "<group>"; };
		6EFBBA711A842FA800372129 /* LinearGradientFillWithShadowiOS.png */ = {isa = PBXFileReference; lastKnownFileType = image.png; path = LinearGradientFillWithShadowiOS.png; sourceTree = "<group>"; };
		6EFBBA721A842FA800372129 /* RadialGradientFillWithShadowiOS.png */ = {isa = PBXFileReference; lastKnownFileType = image.png; path = RadialGradientFillWithShadowiOS.png; sourceTree = "<group>"; };
		6EFBBA731A842FA800372129 /* StrokeRectangleWithShadowOverOvaliOS.png */ = {isa = PBXFileReference; lastKnownFileType = image.png; path = StrokeRectangleWithShadowOverOvaliOS.png; sourceTree = "<group>"; };
/* End PBXFileReference section */

/* Begin PBXFrameworksBuildPhase section */
		6E3331E21A0BF1D0002659B2 /* Frameworks */ = {
			isa = PBXFrameworksBuildPhase;
			buildActionMask = 2147483647;
			files = (
				6EC0A6AA1A0FE776009E3824 /* MovingImagesiOS.framework in Frameworks */,
			);
			runOnlyForDeploymentPostprocessing = 0;
		};
		6E3331F71A0BF1D0002659B2 /* Frameworks */ = {
			isa = PBXFrameworksBuildPhase;
			buildActionMask = 2147483647;
			files = (
				6E13F79A1A4C327100A515B3 /* MovingImagesiOS.framework in Frameworks */,
			);
			runOnlyForDeploymentPostprocessing = 0;
		};
/* End PBXFrameworksBuildPhase section */

/* Begin PBXGroup section */
		6E3331DC1A0BF1D0002659B2 = {
			isa = PBXGroup;
			children = (
				6E3331E71A0BF1D0002659B2 /* CustomControlDemo */,
				6E3331FD1A0BF1D0002659B2 /* CustomControlDemoTests */,
				6E3331E61A0BF1D0002659B2 /* Products */,
			);
			sourceTree = "<group>";
		};
		6E3331E61A0BF1D0002659B2 /* Products */ = {
			isa = PBXGroup;
			children = (
				6E3331E51A0BF1D0002659B2 /* CustomControlDemo.app */,
				6E3331FA1A0BF1D0002659B2 /* CustomControlDemoTests.xctest */,
			);
			name = Products;
			sourceTree = "<group>";
		};
		6E3331E71A0BF1D0002659B2 /* CustomControlDemo */ = {
			isa = PBXGroup;
			children = (
				6EC0A6A91A0FE776009E3824 /* MovingImagesiOS.framework */,
				6E3331EA1A0BF1D0002659B2 /* AppDelegate.swift */,
				6E33320E1A0BFBF2002659B2 /* CustomControlLayer.swift */,
				6E3332101A0BFCF6002659B2 /* CustomDial.swift */,
				6E3331EC1A0BF1D0002659B2 /* ViewController.swift */,
				6E3331EE1A0BF1D0002659B2 /* Main.storyboard */,
				6E3331F11A0BF1D0002659B2 /* Images.xcassets */,
				6E3331F31A0BF1D0002659B2 /* LaunchScreen.xib */,
				6EC0A6AD1A126B46009E3824 /* drawarc.json */,
				6E3331E81A0BF1D0002659B2 /* Supporting Files */,
				6EC0A6AB1A0FE965009E3824 /* CustomControlDemo-Bridging-Header.h */,
			);
			path = CustomControlDemo;
			sourceTree = "<group>";
		};
		6E3331E81A0BF1D0002659B2 /* Supporting Files */ = {
			isa = PBXGroup;
			children = (
				6E3331E91A0BF1D0002659B2 /* Info.plist */,
			);
			name = "Supporting Files";
			sourceTree = "<group>";
		};
		6E3331FD1A0BF1D0002659B2 /* CustomControlDemoTests */ = {
			isa = PBXGroup;
			children = (
				6EE3E4D41A39D59600D1EF27 /* CustomControlDemoTests-Bridging-Header.h */,
				6E3332001A0BF1D0002659B2 /* CustomControlDemoTests.swift */,
				6E3331FE1A0BF1D0002659B2 /* Supporting Files */,
			);
			path = CustomControlDemoTests;
			sourceTree = "<group>";
		};
		6E3331FE1A0BF1D0002659B2 /* Supporting Files */ = {
			isa = PBXGroup;
			children = (
				6EA321111A9361E000B3E66B /* DrawingShapesWithShadowiOSSim.png */,
				6EA321121A9361E000B3E66B /* DrawTextWithInnerShadowiOSSim.png */,
				6EA321131A9361E000B3E66B /* FillPathWithInnerShadowiOSSim.png */,
				6EA321141A9361E000B3E66B /* LinearGradientFillWithShadowiOSSim.png */,
				6EA321151A9361E000B3E66B /* RadialGradientFillWithShadowiOSSim.png */,
				6EA321161A9361E000B3E66B /* StrokeRectangleWithShadowOverOvaliOSSim.png */,
				6EFBBA6E1A842FA800372129 /* DrawingShapesWithShadowiOS.png */,
				6EFBBA6F1A842FA800372129 /* DrawTextWithInnerShadowiOS.png */,
				6EFBBA701A842FA800372129 /* FillPathWithInnerShadowiOS.png */,
				6EFBBA711A842FA800372129 /* LinearGradientFillWithShadowiOS.png */,
				6EFBBA721A842FA800372129 /* RadialGradientFillWithShadowiOS.png */,
				6EFBBA731A842FA800372129 /* StrokeRectangleWithShadowOverOvaliOS.png */,
				6E3331FF1A0BF1D0002659B2 /* Info.plist */,
			);
			name = "Supporting Files";
			sourceTree = "<group>";
		};
/* End PBXGroup section */

/* Begin PBXNativeTarget section */
		6E3331E41A0BF1D0002659B2 /* CustomControlDemo */ = {
			isa = PBXNativeTarget;
			buildConfigurationList = 6E3332041A0BF1D0002659B2 /* Build configuration list for PBXNativeTarget "CustomControlDemo" */;
			buildPhases = (
				6E3331E11A0BF1D0002659B2 /* Sources */,
				6E3331E21A0BF1D0002659B2 /* Frameworks */,
				6E3331E31A0BF1D0002659B2 /* Resources */,
				6E07A5BA1A13CDA9008D7A0C /* CopyFiles */,
			);
			buildRules = (
			);
			dependencies = (
			);
			name = CustomControlDemo;
			productName = CustomControlDemo;
			productReference = 6E3331E51A0BF1D0002659B2 /* CustomControlDemo.app */;
			productType = "com.apple.product-type.application";
		};
		6E3331F91A0BF1D0002659B2 /* CustomControlDemoTests */ = {
			isa = PBXNativeTarget;
			buildConfigurationList = 6E3332071A0BF1D0002659B2 /* Build configuration list for PBXNativeTarget "CustomControlDemoTests" */;
			buildPhases = (
				6E3331F61A0BF1D0002659B2 /* Sources */,
				6E3331F71A0BF1D0002659B2 /* Frameworks */,
				6E3331F81A0BF1D0002659B2 /* Resources */,
			);
			buildRules = (
			);
			dependencies = (
				6E3331FC1A0BF1D0002659B2 /* PBXTargetDependency */,
			);
			name = CustomControlDemoTests;
			productName = CustomControlDemoTests;
			productReference = 6E3331FA1A0BF1D0002659B2 /* CustomControlDemoTests.xctest */;
			productType = "com.apple.product-type.bundle.unit-test";
		};
/* End PBXNativeTarget section */

/* Begin PBXProject section */
		6E3331DD1A0BF1D0002659B2 /* Project object */ = {
			isa = PBXProject;
			attributes = {
				LastUpgradeCheck = 0610;
				ORGANIZATIONNAME = "Kevin Meaney";
				TargetAttributes = {
					6E3331E41A0BF1D0002659B2 = {
						CreatedOnToolsVersion = 6.1;
						DevelopmentTeam = U6TV63RN87;
					};
					6E3331F91A0BF1D0002659B2 = {
						CreatedOnToolsVersion = 6.1;
						TestTargetID = 6E3331E41A0BF1D0002659B2;
					};
				};
			};
			buildConfigurationList = 6E3331E01A0BF1D0002659B2 /* Build configuration list for PBXProject "CustomControlDemo" */;
			compatibilityVersion = "Xcode 3.2";
			developmentRegion = English;
			hasScannedForEncodings = 0;
			knownRegions = (
				en,
				Base,
			);
			mainGroup = 6E3331DC1A0BF1D0002659B2;
			productRefGroup = 6E3331E61A0BF1D0002659B2 /* Products */;
			projectDirPath = "";
			projectRoot = "";
			targets = (
				6E3331E41A0BF1D0002659B2 /* CustomControlDemo */,
				6E3331F91A0BF1D0002659B2 /* CustomControlDemoTests */,
			);
		};
/* End PBXProject section */

/* Begin PBXResourcesBuildPhase section */
		6E3331E31A0BF1D0002659B2 /* Resources */ = {
			isa = PBXResourcesBuildPhase;
			buildActionMask = 2147483647;
			files = (
				6EC0A6AE1A126B46009E3824 /* drawarc.json in Resources */,
				6E3331F01A0BF1D0002659B2 /* Main.storyboard in Resources */,
				6E3331F51A0BF1D0002659B2 /* LaunchScreen.xib in Resources */,
				6E3331F21A0BF1D0002659B2 /* Images.xcassets in Resources */,
			);
			runOnlyForDeploymentPostprocessing = 0;
		};
		6E3331F81A0BF1D0002659B2 /* Resources */ = {
			isa = PBXResourcesBuildPhase;
			buildActionMask = 2147483647;
			files = (
				6EA321171A9361E000B3E66B /* DrawingShapesWithShadowiOSSim.png in Resources */,
				6EFBBA741A842FA800372129 /* DrawingShapesWithShadowiOS.png in Resources */,
				6EA321181A9361E000B3E66B /* DrawTextWithInnerShadowiOSSim.png in Resources */,
				6EFBBA751A842FA800372129 /* DrawTextWithInnerShadowiOS.png in Resources */,
				6EFBBA761A842FA800372129 /* FillPathWithInnerShadowiOS.png in Resources */,
				6EA321191A9361E000B3E66B /* FillPathWithInnerShadowiOSSim.png in Resources */,
				6EFBBA771A842FA800372129 /* LinearGradientFillWithShadowiOS.png in Resources */,
				6EA3211A1A9361E000B3E66B /* LinearGradientFillWithShadowiOSSim.png in Resources */,
				6EFBBA781A842FA800372129 /* RadialGradientFillWithShadowiOS.png in Resources */,
				6EA3211B1A9361E000B3E66B /* RadialGradientFillWithShadowiOSSim.png in Resources */,
				6EFBBA791A842FA800372129 /* StrokeRectangleWithShadowOverOvaliOS.png in Resources */,
				6EA3211C1A9361E000B3E66B /* StrokeRectangleWithShadowOverOvaliOSSim.png in Resources */,
			);
			runOnlyForDeploymentPostprocessing = 0;
		};
/* End PBXResourcesBuildPhase section */

/* Begin PBXSourcesBuildPhase section */
		6E3331E11A0BF1D0002659B2 /* Sources */ = {
			isa = PBXSourcesBuildPhase;
			buildActionMask = 2147483647;
			files = (
				6E3332111A0BFCF6002659B2 /* CustomDial.swift in Sources */,
				6E33320F1A0BFBF2002659B2 /* CustomControlLayer.swift in Sources */,
				6E3331ED1A0BF1D0002659B2 /* ViewController.swift in Sources */,
				6E3331EB1A0BF1D0002659B2 /* AppDelegate.swift in Sources */,
			);
			runOnlyForDeploymentPostprocessing = 0;
		};
		6E3331F61A0BF1D0002659B2 /* Sources */ = {
			isa = PBXSourcesBuildPhase;
			buildActionMask = 2147483647;
			files = (
				6E3332011A0BF1D0002659B2 /* CustomControlDemoTests.swift in Sources */,
			);
			runOnlyForDeploymentPostprocessing = 0;
		};
/* End PBXSourcesBuildPhase section */

/* Begin PBXTargetDependency section */
		6E3331FC1A0BF1D0002659B2 /* PBXTargetDependency */ = {
			isa = PBXTargetDependency;
			target = 6E3331E41A0BF1D0002659B2 /* CustomControlDemo */;
			targetProxy = 6E3331FB1A0BF1D0002659B2 /* PBXContainerItemProxy */;
		};
/* End PBXTargetDependency section */

/* Begin PBXVariantGroup section */
		6E3331EE1A0BF1D0002659B2 /* Main.storyboard */ = {
			isa = PBXVariantGroup;
			children = (
				6E3331EF1A0BF1D0002659B2 /* Base */,
			);
			name = Main.storyboard;
			sourceTree = "<group>";
		};
		6E3331F31A0BF1D0002659B2 /* LaunchScreen.xib */ = {
			isa = PBXVariantGroup;
			children = (
				6E3331F41A0BF1D0002659B2 /* Base */,
			);
			name = LaunchScreen.xib;
			sourceTree = "<group>";
		};
/* End PBXVariantGroup section */

/* Begin XCBuildConfiguration section */
		6E3332021A0BF1D0002659B2 /* Debug */ = {
			isa = XCBuildConfiguration;
			buildSettings = {
				ALWAYS_SEARCH_USER_PATHS = NO;
				CLANG_CXX_LANGUAGE_STANDARD = "gnu++0x";
				CLANG_CXX_LIBRARY = "libc++";
				CLANG_ENABLE_MODULES = YES;
				CLANG_ENABLE_OBJC_ARC = YES;
				CLANG_WARN_BOOL_CONVERSION = YES;
				CLANG_WARN_CONSTANT_CONVERSION = YES;
				CLANG_WARN_DIRECT_OBJC_ISA_USAGE = YES_ERROR;
				CLANG_WARN_EMPTY_BODY = YES;
				CLANG_WARN_ENUM_CONVERSION = YES;
				CLANG_WARN_INT_CONVERSION = YES;
				CLANG_WARN_OBJC_ROOT_CLASS = YES_ERROR;
				CLANG_WARN_UNREACHABLE_CODE = YES;
				CLANG_WARN__DUPLICATE_METHOD_MATCH = YES;
				"CODE_SIGN_IDENTITY[sdk=iphoneos*]" = "iPhone Developer";
				COPY_PHASE_STRIP = NO;
				ENABLE_STRICT_OBJC_MSGSEND = YES;
				GCC_C_LANGUAGE_STANDARD = gnu99;
				GCC_DYNAMIC_NO_PIC = NO;
				GCC_OPTIMIZATION_LEVEL = 0;
				GCC_PREPROCESSOR_DEFINITIONS = (
					"DEBUG=1",
					"$(inherited)",
				);
				GCC_SYMBOLS_PRIVATE_EXTERN = NO;
				GCC_WARN_64_TO_32_BIT_CONVERSION = YES;
				GCC_WARN_ABOUT_RETURN_TYPE = YES_ERROR;
				GCC_WARN_UNDECLARED_SELECTOR = YES;
				GCC_WARN_UNINITIALIZED_AUTOS = YES_AGGRESSIVE;
				GCC_WARN_UNUSED_FUNCTION = YES;
				GCC_WARN_UNUSED_VARIABLE = YES;
				IPHONEOS_DEPLOYMENT_TARGET = 8.1;
				MTL_ENABLE_DEBUG_INFO = YES;
				ONLY_ACTIVE_ARCH = YES;
				SDKROOT = iphoneos;
				SWIFT_OPTIMIZATION_LEVEL = "-Onone";
				TARGETED_DEVICE_FAMILY = 2;
			};
			name = Debug;
		};
		6E3332031A0BF1D0002659B2 /* Release */ = {
			isa = XCBuildConfiguration;
			buildSettings = {
				ALWAYS_SEARCH_USER_PATHS = NO;
				CLANG_CXX_LANGUAGE_STANDARD = "gnu++0x";
				CLANG_CXX_LIBRARY = "libc++";
				CLANG_ENABLE_MODULES = YES;
				CLANG_ENABLE_OBJC_ARC = YES;
				CLANG_WARN_BOOL_CONVERSION = YES;
				CLANG_WARN_CONSTANT_CONVERSION = YES;
				CLANG_WARN_DIRECT_OBJC_ISA_USAGE = YES_ERROR;
				CLANG_WARN_EMPTY_BODY = YES;
				CLANG_WARN_ENUM_CONVERSION = YES;
				CLANG_WARN_INT_CONVERSION = YES;
				CLANG_WARN_OBJC_ROOT_CLASS = YES_ERROR;
				CLANG_WARN_UNREACHABLE_CODE = YES;
				CLANG_WARN__DUPLICATE_METHOD_MATCH = YES;
				"CODE_SIGN_IDENTITY[sdk=iphoneos*]" = "iPhone Developer";
				COPY_PHASE_STRIP = YES;
				ENABLE_NS_ASSERTIONS = NO;
				ENABLE_STRICT_OBJC_MSGSEND = YES;
				GCC_C_LANGUAGE_STANDARD = gnu99;
				GCC_WARN_64_TO_32_BIT_CONVERSION = YES;
				GCC_WARN_ABOUT_RETURN_TYPE = YES_ERROR;
				GCC_WARN_UNDECLARED_SELECTOR = YES;
				GCC_WARN_UNINITIALIZED_AUTOS = YES_AGGRESSIVE;
				GCC_WARN_UNUSED_FUNCTION = YES;
				GCC_WARN_UNUSED_VARIABLE = YES;
				IPHONEOS_DEPLOYMENT_TARGET = 8.1;
				MTL_ENABLE_DEBUG_INFO = NO;
				SDKROOT = iphoneos;
				TARGETED_DEVICE_FAMILY = 2;
				VALIDATE_PRODUCT = YES;
			};
			name = Release;
		};
		6E3332051A0BF1D0002659B2 /* Debug */ = {
			isa = XCBuildConfiguration;
			buildSettings = {
				ASSETCATALOG_COMPILER_APPICON_NAME = AppIcon;
				CODE_SIGN_IDENTITY = "iPhone Developer";
				"CODE_SIGN_IDENTITY[sdk=iphoneos*]" = "iPhone Developer";
				INFOPLIST_FILE = CustomControlDemo/Info.plist;
				IPHONEOS_DEPLOYMENT_TARGET = 8.1;
				LD_RUNPATH_SEARCH_PATHS = "$(inherited) @executable_path/Frameworks";
				PRODUCT_NAME = "$(TARGET_NAME)";
				PROVISIONING_PROFILE = "";
				SWIFT_OBJC_BRIDGING_HEADER = "CustomControlDemo/CustomControlDemo-Bridging-Header.h";
				TARGETED_DEVICE_FAMILY = "1,2";
			};
			name = Debug;
		};
		6E3332061A0BF1D0002659B2 /* Release */ = {
			isa = XCBuildConfiguration;
			buildSettings = {
				ASSETCATALOG_COMPILER_APPICON_NAME = AppIcon;
				CODE_SIGN_IDENTITY = "iPhone Developer";
				"CODE_SIGN_IDENTITY[sdk=iphoneos*]" = "iPhone Developer";
				INFOPLIST_FILE = CustomControlDemo/Info.plist;
				IPHONEOS_DEPLOYMENT_TARGET = 8.1;
				LD_RUNPATH_SEARCH_PATHS = "$(inherited) @executable_path/Frameworks";
				PRODUCT_NAME = "$(TARGET_NAME)";
				PROVISIONING_PROFILE = "";
				SWIFT_OBJC_BRIDGING_HEADER = "CustomControlDemo/CustomControlDemo-Bridging-Header.h";
				TARGETED_DEVICE_FAMILY = "1,2";
			};
			name = Release;
		};
		6E3332081A0BF1D0002659B2 /* Debug */ = {
			isa = XCBuildConfiguration;
			buildSettings = {
				BUNDLE_LOADER = "$(TEST_HOST)";
				FRAMEWORK_SEARCH_PATHS = (
					"$(SDKROOT)/Developer/Library/Frameworks",
					"$(inherited)",
				);
				INFOPLIST_FILE = CustomControlDemoTests/Info.plist;
				LD_RUNPATH_SEARCH_PATHS = "$(inherited) @executable_path/Frameworks @loader_path/Frameworks";
				PRODUCT_NAME = "$(TARGET_NAME)";
				SWIFT_OBJC_BRIDGING_HEADER = "CustomControlDemoTests/CustomControlDemoTests-Bridging-Header.h";
				TEST_HOST = "$(BUILT_PRODUCTS_DIR)/CustomControlDemo.app/CustomControlDemo";
			};
			name = Debug;
		};
		6E3332091A0BF1D0002659B2 /* Release */ = {
			isa = XCBuildConfiguration;
			buildSettings = {
				BUNDLE_LOADER = "$(TEST_HOST)";
				FRAMEWORK_SEARCH_PATHS = (
					"$(SDKROOT)/Developer/Library/Frameworks",
					"$(inherited)",
				);
				INFOPLIST_FILE = CustomControlDemoTests/Info.plist;
				LD_RUNPATH_SEARCH_PATHS = "$(inherited) @executable_path/Frameworks @loader_path/Frameworks";
				PRODUCT_NAME = "$(TARGET_NAME)";
				SWIFT_OBJC_BRIDGING_HEADER = "CustomControlDemoTests/CustomControlDemoTests-Bridging-Header.h";
				TEST_HOST = "$(BUILT_PRODUCTS_DIR)/CustomControlDemo.app/CustomControlDemo";
			};
			name = Release;
		};
/* End XCBuildConfiguration section */

/* Begin XCConfigurationList section */
		6E3331E01A0BF1D0002659B2 /* Build configuration list for PBXProject "CustomControlDemo" */ = {
			isa = XCConfigurationList;
			buildConfigurations = (
				6E3332021A0BF1D0002659B2 /* Debug */,
				6E3332031A0BF1D0002659B2 /* Release */,
			);
			defaultConfigurationIsVisible = 0;
			defaultConfigurationName = Release;
		};
		6E3332041A0BF1D0002659B2 /* Build configuration list for PBXNativeTarget "CustomControlDemo" */ = {
			isa = XCConfigurationList;
			buildConfigurations = (
				6E3332051A0BF1D0002659B2 /* Debug */,
				6E3332061A0BF1D0002659B2 /* Release */,
			);
			defaultConfigurationIsVisible = 0;
			defaultConfigurationName = Release;
		};
		6E3332071A0BF1D0002659B2 /* Build configuration list for PBXNativeTarget "CustomControlDemoTests" */ = {
			isa = XCConfigurationList;
			buildConfigurations = (
				6E3332081A0BF1D0002659B2 /* Debug */,
				6E3332091A0BF1D0002659B2 /* Release */,
			);
			defaultConfigurationIsVisible = 0;
			defaultConfigurationName = Release;
		};
/* End XCConfigurationList section */
	};
	rootObject = 6E3331DD1A0BF1D0002659B2 /* Project object */;
}
